
Microsoft Visual Studio Solution File, Format Version 12.00
# Visual Studio Version 17
VisualStudioVersion = 17.10.35027.167
MinimumVisualStudioVersion = 10.0.40219.1
Project("{FAE04EC0-301F-11D3-BF4B-00C04F79EFBC}") = "CarBuyAndSell", "CarBuyAndSell\CarBuyAndSell.csproj", "{83D167F2-C634-4F8A-9D62-9FD3DF5B360B}"
EndProject
Global
	GlobalSection(SolutionConfigurationPlatforms) = preSolution
		Debug|Any CPU = Debug|Any CPU
		Release|Any CPU = Release|Any CPU
	EndGlobalSection
	GlobalSection(ProjectConfigurationPlatforms) = postSolution
		{83D167F2-C634-4F8A-9D62-9FD3DF5B360B}.Debug|Any CPU.ActiveCfg = Debug|Any CPU
		{83D167F2-C634-4F8A-9D62-9FD3DF5B360B}.Debug|Any CPU.Build.0 = Debug|Any CPU
		{83D167F2-C634-4F8A-9D62-9FD3DF5B360B}.Release|Any CPU.ActiveCfg = Release|Any CPU
		{83D167F2-C634-4F8A-9D62-9FD3DF5B360B}.Release|Any CPU.Build.0 = Release|Any CPU
	EndGlobalSection
	GlobalSection(SolutionProperties) = preSolution
		HideSolutionNode = FALSE
	EndGlobalSection
	GlobalSection(ExtensibilityGlobals) = postSolution
		SolutionGuid = {97BE5E0C-0740-4CE9-B3BA-42981FF58CD1}
	EndGlobalSection
EndGlobal
